{
  "name": "wxblog",
  "version": "1.0.0",
  "lockfileVersion": 2,
  "requires": true,
  "packages": {
    "": {
      "name": "wxblog",
      "version": "1.0.0",
      "license": "ISC",
      "dependencies": {
        "mp-html": "^2.5.0",
        "weui-miniprogram": "^1.5.1"
      }
    },
    "node_modules/mp-html": {
      "version": "2.5.0",
      "resolved": "https://npm.corp.kuaishou.com/mp-html/-/mp-html-2.5.0.tgz",
      "integrity": "sha512-uvBH5tIaDIlj8qaxsvNXU3RKX0jvXOo3J6FAi/notUv/ds6j79UUTE82aDkxxUk0eLUU0CiCqMrR7WWnytk30Q=="
    },
    "node_modules/weui-miniprogram": {
      "version": "1.5.1",
      "resolved": "https://npm.corp.kuaishou.com/weui-miniprogram/-/weui-miniprogram-1.5.1.tgz",
      "integrity": "sha512-47dM/gGJ6/04zb3Hh7cH4Db0bLeryMMExGU6KKBW8GZ1l14XF2czHw0ufv6qYpIKsc9tgGLTBNcFLrzYQYjizQ=="
    }
  },
  "dependencies": {
    "mp-html": {
      "version": "2.5.0",
      "resolved": "https://npm.corp.kuaishou.com/mp-html/-/mp-html-2.5.0.tgz",
      "integrity": "sha512-uvBH5tIaDIlj8qaxsvNXU3RKX0jvXOo3J6FAi/notUv/ds6j79UUTE82aDkxxUk0eLUU0CiCqMrR7WWnytk30Q=="
    },
    "weui-miniprogram": {
      "version": "1.5.1",
      "resolved": "https://npm.corp.kuaishou.com/weui-miniprogram/-/weui-miniprogram-1.5.1.tgz",
      "integrity": "sha512-47dM/gGJ6/04zb3Hh7cH4Db0bLeryMMExGU6KKBW8GZ1l14XF2czHw0ufv6qYpIKsc9tgGLTBNcFLrzYQYjizQ=="
    }
  }
}
