{
  "name": "wxblog",
  "version": "1.0.0",
  "lockfileVersion": 2,
  "requires": true,
  "packages": {
    "": {
      "name": "wxblog",
      "version": "1.0.0",
      "license": "ISC",
      "dependencies": {
        "lin-ui": "^0.9.13",
        "weui-miniprogram": "^1.5.1"
      }
    },
    "node_modules/lin-ui": {
      "version": "0.9.13",
      "resolved": "https://npm.corp.kuaishou.com/lin-ui/-/lin-ui-0.9.13.tgz",
      "integrity": "sha512-RFRq1D+jCkhFzVCe/Y4C/NnWEK21ZiY961/HJR3mHmHmdq5IkrNBt/39WsUuWcDPty48WaY/3IipOPBBD+7ttw=="
    },
    "node_modules/weui-miniprogram": {
      "version": "1.5.1",
      "resolved": "https://npm.corp.kuaishou.com/weui-miniprogram/-/weui-miniprogram-1.5.1.tgz",
      "integrity": "sha512-47dM/gGJ6/04zb3Hh7cH4Db0bLeryMMExGU6KKBW8GZ1l14XF2czHw0ufv6qYpIKsc9tgGLTBNcFLrzYQYjizQ=="
    }
  },
  "dependencies": {
    "lin-ui": {
      "version": "0.9.13",
      "resolved": "https://npm.corp.kuaishou.com/lin-ui/-/lin-ui-0.9.13.tgz",
      "integrity": "sha512-RFRq1D+jCkhFzVCe/Y4C/NnWEK21ZiY961/HJR3mHmHmdq5IkrNBt/39WsUuWcDPty48WaY/3IipOPBBD+7ttw=="
    },
    "weui-miniprogram": {
      "version": "1.5.1",
      "resolved": "https://npm.corp.kuaishou.com/weui-miniprogram/-/weui-miniprogram-1.5.1.tgz",
      "integrity": "sha512-47dM/gGJ6/04zb3Hh7cH4Db0bLeryMMExGU6KKBW8GZ1l14XF2czHw0ufv6qYpIKsc9tgGLTBNcFLrzYQYjizQ=="
    }
  }
}
