{
  "name": "wxblog",
  "version": "1.0.0",
  "lockfileVersion": 2,
  "requires": true,
  "packages": {
    "": {
      "name": "wxblog",
      "version": "1.0.0",
      "license": "ISC",
      "dependencies": {
        "weui-miniprogram": "^1.5.1"
      }
    },
    "node_modules/weui-miniprogram": {
      "version": "1.5.1",
      "resolved": "https://npm.corp.kuaishou.com/weui-miniprogram/-/weui-miniprogram-1.5.1.tgz",
      "integrity": "sha512-47dM/gGJ6/04zb3Hh7cH4Db0bLeryMMExGU6KKBW8GZ1l14XF2czHw0ufv6qYpIKsc9tgGLTBNcFLrzYQYjizQ=="
    }
  },
  "dependencies": {
    "weui-miniprogram": {
      "version": "1.5.1",
      "resolved": "https://npm.corp.kuaishou.com/weui-miniprogram/-/weui-miniprogram-1.5.1.tgz",
      "integrity": "sha512-47dM/gGJ6/04zb3Hh7cH4Db0bLeryMMExGU6KKBW8GZ1l14XF2czHw0ufv6qYpIKsc9tgGLTBNcFLrzYQYjizQ=="
    }
  }
}
